{
    "_readme": [
        "This file locks the dependencies of your project to a known state",
        "Read more about it at https://getcomposer.org/doc/01-basic-usage.md#composer-lock-the-lock-file",
        "This file is @generated automatically"
    ],
    "content-hash": "4bf783b2082f90d0a9f677d23828fc20",
    "packages": [
        {
            "name": "danilocgsilva/backupphp",
            "version": "0.0.6",
            "source": {
                "type": "git",
                "url": "https://github.com/danilocgsilva/backupphp",
                "reference": "3d1300800c4a0902dea4ba2eb9545585f060ae24"
            },
            "type": "library",
            "autoload": {
                "psr-4": {
                    "Danilocgsilva\\": [
                        "src/"
                    ]
                }
            },
            "license": [
                "MIT"
            ],
            "authors": [
                {
                    "name": "Danilo Silva",
                    "email": "danilocgsilva@gmail.com"
                }
            ],
            "description": "Generates a sql file entirely trough php code",
            "time": "2018-01-14T22:11:09+00:00"
        }
    ],
    "packages-dev": [],
    "aliases": [],
    "minimum-stability": "stable",
    "stability-flags": [],
    "prefer-stable": false,
    "prefer-lowest": false,
    "platform": [],
    "platform-dev": []
}
