{
    "_readme": [
        "This file locks the dependencies of your project to a known state",
        "Read more about it at https://getcomposer.org/doc/01-basic-usage.md#composer-lock-the-lock-file",
        "This file is @generated automatically"
    ],
    "content-hash": "ed5d19de3659b04ae819e70fb5407985",
    "packages": [
        {
            "name": "danilocgsilva/backupphp",
            "version": "1.2.3",
            "source": {
                "type": "git",
                "url": "https://github.com/danilocgsilva/Backupphp.git",
                "reference": "9d034508a08a8e968abb97032bf73261bc5d3a40"
            },
            "dist": {
                "type": "zip",
                "url": "https://api.github.com/repos/danilocgsilva/Backupphp/zipball/9d034508a08a8e968abb97032bf73261bc5d3a40",
                "reference": "9d034508a08a8e968abb97032bf73261bc5d3a40",
                "shasum": ""
            },
            "require": {
                "php": "~5.4 | ^7.0"
            },
            "type": "library",
            "autoload": {
                "psr-4": {
                    "Danilocgsilva\\": [
                        "src/"
                    ]
                }
            },
            "notification-url": "https://packagist.org/downloads/",
            "license": [
                "MIT"
            ],
            "authors": [
                {
                    "name": "Danilo Silva",
                    "email": "danilocgsilva@gmail.com"
                }
            ],
            "description": "Generates a sql file entirely trough php code",
            "homepage": "https://github.com/danilocgsilva/Backupphp",
            "keywords": [
                "backup",
                "mysql"
            ],
            "time": "2018-01-20T16:36:48+00:00"
        }
    ],
    "packages-dev": [],
    "aliases": [],
    "minimum-stability": "stable",
    "stability-flags": [],
    "prefer-stable": false,
    "prefer-lowest": false,
    "platform": [],
    "platform-dev": []
}
